{
  "object": {
    "pins": [
      {
        "package": "Canvas",
        "repositoryURL": "https://github.com/scchn/Canvas",
        "state": {
          "branch": null,
          "revision": "16b0b0345c3490eaefd77761e90ac97e2ba69f61",
          "version": "1.1.0"
        }
      }
    ]
  },
  "version": 1
}
