{
  "object": {
    "pins": [
      {
        "package": "Canvas",
        "repositoryURL": "https://github.com/scchn/canvas/",
        "state": {
          "branch": "master",
          "revision": "fa7f331f45257543d63043a2e3bee719f1d85c4e",
          "version": null
        }
      }
    ]
  },
  "version": 1
}
