{
  "object": {
    "pins": [
      {
        "package": "Canvas",
        "repositoryURL": "https://github.com/scchn/canvas",
        "state": {
          "branch": "master",
          "revision": "3d3290dc9cc39b75cfa438f0885181550d1b3011",
          "version": null
        }
      }
    ]
  },
  "version": 1
}
